
Microsoft Visual Studio Solution File, Format Version 12.00
# Visual Studio Version 17
VisualStudioVersion = 17.4.33213.308
MinimumVisualStudioVersion = 10.0.40219.1
Project("{FAE04EC0-301F-11D3-BF4B-00C04F79EFBC}") = "MainService", "MainService\MainService.csproj", "{D2369B37-D9CE-491E-B2C2-4307257F9371}"
EndProject
Global
	GlobalSection(SolutionConfigurationPlatforms) = preSolution
		Debug|Any CPU = Debug|Any CPU
		Release|Any CPU = Release|Any CPU
	EndGlobalSection
	GlobalSection(ProjectConfigurationPlatforms) = postSolution
		{D2369B37-D9CE-491E-B2C2-4307257F9371}.Debug|Any CPU.ActiveCfg = Debug|Any CPU
		{D2369B37-D9CE-491E-B2C2-4307257F9371}.Debug|Any CPU.Build.0 = Debug|Any CPU
		{D2369B37-D9CE-491E-B2C2-4307257F9371}.Release|Any CPU.ActiveCfg = Release|Any CPU
		{D2369B37-D9CE-491E-B2C2-4307257F9371}.Release|Any CPU.Build.0 = Release|Any CPU
	EndGlobalSection
	GlobalSection(SolutionProperties) = preSolution
		HideSolutionNode = FALSE
	EndGlobalSection
	GlobalSection(ExtensibilityGlobals) = postSolution
		SolutionGuid = {03D99899-89D4-4A22-94A7-565684CD5569}
	EndGlobalSection
EndGlobal
